
Microsoft Visual Studio Solution File, Format Version 12.00
# Visual Studio 15
VisualStudioVersion = 15.0.28307.271
MinimumVisualStudioVersion = 10.0.40219.1
Project("{FAE04EC0-301F-11D3-BF4B-00C04F79EFBC}") = "HsrTech.Web", "AplicacaoWebHsrTech\HsrTech.Web.csproj", "{6ADC6DC8-F389-4FDB-AC7D-8ACB22ECAFFF}"
EndProject
Project("{2150E333-8FDC-42A3-9474-1A3956D46DE8}") = "0 - Presentation", "0 - Presentation", "{EBA54307-D25E-4892-85E6-4B57AFC3E273}"
EndProject
Project("{2150E333-8FDC-42A3-9474-1A3956D46DE8}") = "1 - Aplication", "1 - Aplication", "{23473666-48DB-491B-A9B7-41C0B48CEC9F}"
EndProject
Project("{2150E333-8FDC-42A3-9474-1A3956D46DE8}") = "2 - Domain", "2 - Domain", "{DDE268E0-05A6-4E28-9E8C-65D46EB53594}"
EndProject
Project("{2150E333-8FDC-42A3-9474-1A3956D46DE8}") = "3 - Infra", "3 - Infra", "{8398C5F5-6168-4193-A2B7-829A20E98B64}"
EndProject
Project("{2150E333-8FDC-42A3-9474-1A3956D46DE8}") = "3.1 - Data", "3.1 - Data", "{822C8DED-D299-4D07-BB7A-A3B842A230E4}"
	ProjectSection(SolutionItems) = preProject
		COMMAND_SQL.sql = COMMAND_SQL.sql
	EndProjectSection
EndProject
Project("{2150E333-8FDC-42A3-9474-1A3956D46DE8}") = "3.2 - CrossCuting", "3.2 - CrossCuting", "{9FB82879-3D95-4990-A775-980A1CD6BC0E}"
EndProject
Project("{FAE04EC0-301F-11D3-BF4B-00C04F79EFBC}") = "HsrTech.CrossCutting", "HsrTech.CrossCutting\HsrTech.CrossCutting.csproj", "{02A5B653-67A5-46CD-ABB0-C394FF2E74D3}"
EndProject
Project("{FAE04EC0-301F-11D3-BF4B-00C04F79EFBC}") = "HsrTech.Context", "HsrTech.Context\HsrTech.Context.csproj", "{B452508B-EA58-4E60-9D37-7365ACEC2C06}"
EndProject
Project("{FAE04EC0-301F-11D3-BF4B-00C04F79EFBC}") = "Hsrtech.Domain", "HsrTech.Domain\Hsrtech.Domain.csproj", "{F4A81DEC-AE64-41E3-988F-CFE308CB92BF}"
EndProject
Project("{FAE04EC0-301F-11D3-BF4B-00C04F79EFBC}") = "Hsrtech.Application", "HsrTech.Application\Hsrtech.Application.csproj", "{77C8F02C-DC2F-45B0-868C-90A77BA9C973}"
EndProject
Project("{2150E333-8FDC-42A3-9474-1A3956D46DE8}") = "3.3 - Utils", "3.3 - Utils", "{17F79602-75CB-4C60-A8B1-8A6D6B9E5163}"
EndProject
Project("{FAE04EC0-301F-11D3-BF4B-00C04F79EFBC}") = "HsrTech.Helper", "HsrTech.Helper\HsrTech.Helper.csproj", "{5D5D10CD-3CAB-4288-9A71-711CD21C63AD}"
EndProject
Project("{FAE04EC0-301F-11D3-BF4B-00C04F79EFBC}") = "Hsrtech.Repository", "HsrTech.Repository\Hsrtech.Repository.csproj", "{E2DDADF5-4478-4A85-AEFA-C3FD082E1ECD}"
EndProject
Global
	GlobalSection(SolutionConfigurationPlatforms) = preSolution
		Debug|Any CPU = Debug|Any CPU
		Release|Any CPU = Release|Any CPU
	EndGlobalSection
	GlobalSection(ProjectConfigurationPlatforms) = postSolution
		{6ADC6DC8-F389-4FDB-AC7D-8ACB22ECAFFF}.Debug|Any CPU.ActiveCfg = Debug|Any CPU
		{6ADC6DC8-F389-4FDB-AC7D-8ACB22ECAFFF}.Debug|Any CPU.Build.0 = Debug|Any CPU
		{6ADC6DC8-F389-4FDB-AC7D-8ACB22ECAFFF}.Release|Any CPU.ActiveCfg = Release|Any CPU
		{6ADC6DC8-F389-4FDB-AC7D-8ACB22ECAFFF}.Release|Any CPU.Build.0 = Release|Any CPU
		{02A5B653-67A5-46CD-ABB0-C394FF2E74D3}.Debug|Any CPU.ActiveCfg = Debug|Any CPU
		{02A5B653-67A5-46CD-ABB0-C394FF2E74D3}.Debug|Any CPU.Build.0 = Debug|Any CPU
		{02A5B653-67A5-46CD-ABB0-C394FF2E74D3}.Release|Any CPU.ActiveCfg = Release|Any CPU
		{02A5B653-67A5-46CD-ABB0-C394FF2E74D3}.Release|Any CPU.Build.0 = Release|Any CPU
		{B452508B-EA58-4E60-9D37-7365ACEC2C06}.Debug|Any CPU.ActiveCfg = Debug|Any CPU
		{B452508B-EA58-4E60-9D37-7365ACEC2C06}.Debug|Any CPU.Build.0 = Debug|Any CPU
		{B452508B-EA58-4E60-9D37-7365ACEC2C06}.Release|Any CPU.ActiveCfg = Release|Any CPU
		{B452508B-EA58-4E60-9D37-7365ACEC2C06}.Release|Any CPU.Build.0 = Release|Any CPU
		{F4A81DEC-AE64-41E3-988F-CFE308CB92BF}.Debug|Any CPU.ActiveCfg = Debug|Any CPU
		{F4A81DEC-AE64-41E3-988F-CFE308CB92BF}.Debug|Any CPU.Build.0 = Debug|Any CPU
		{F4A81DEC-AE64-41E3-988F-CFE308CB92BF}.Release|Any CPU.ActiveCfg = Release|Any CPU
		{F4A81DEC-AE64-41E3-988F-CFE308CB92BF}.Release|Any CPU.Build.0 = Release|Any CPU
		{77C8F02C-DC2F-45B0-868C-90A77BA9C973}.Debug|Any CPU.ActiveCfg = Debug|Any CPU
		{77C8F02C-DC2F-45B0-868C-90A77BA9C973}.Debug|Any CPU.Build.0 = Debug|Any CPU
		{77C8F02C-DC2F-45B0-868C-90A77BA9C973}.Release|Any CPU.ActiveCfg = Release|Any CPU
		{77C8F02C-DC2F-45B0-868C-90A77BA9C973}.Release|Any CPU.Build.0 = Release|Any CPU
		{5D5D10CD-3CAB-4288-9A71-711CD21C63AD}.Debug|Any CPU.ActiveCfg = Debug|Any CPU
		{5D5D10CD-3CAB-4288-9A71-711CD21C63AD}.Debug|Any CPU.Build.0 = Debug|Any CPU
		{5D5D10CD-3CAB-4288-9A71-711CD21C63AD}.Release|Any CPU.ActiveCfg = Release|Any CPU
		{5D5D10CD-3CAB-4288-9A71-711CD21C63AD}.Release|Any CPU.Build.0 = Release|Any CPU
		{E2DDADF5-4478-4A85-AEFA-C3FD082E1ECD}.Debug|Any CPU.ActiveCfg = Debug|Any CPU
		{E2DDADF5-4478-4A85-AEFA-C3FD082E1ECD}.Debug|Any CPU.Build.0 = Debug|Any CPU
		{E2DDADF5-4478-4A85-AEFA-C3FD082E1ECD}.Release|Any CPU.ActiveCfg = Release|Any CPU
		{E2DDADF5-4478-4A85-AEFA-C3FD082E1ECD}.Release|Any CPU.Build.0 = Release|Any CPU
	EndGlobalSection
	GlobalSection(SolutionProperties) = preSolution
		HideSolutionNode = FALSE
	EndGlobalSection
	GlobalSection(NestedProjects) = preSolution
		{6ADC6DC8-F389-4FDB-AC7D-8ACB22ECAFFF} = {EBA54307-D25E-4892-85E6-4B57AFC3E273}
		{822C8DED-D299-4D07-BB7A-A3B842A230E4} = {8398C5F5-6168-4193-A2B7-829A20E98B64}
		{9FB82879-3D95-4990-A775-980A1CD6BC0E} = {8398C5F5-6168-4193-A2B7-829A20E98B64}
		{02A5B653-67A5-46CD-ABB0-C394FF2E74D3} = {9FB82879-3D95-4990-A775-980A1CD6BC0E}
		{B452508B-EA58-4E60-9D37-7365ACEC2C06} = {822C8DED-D299-4D07-BB7A-A3B842A230E4}
		{F4A81DEC-AE64-41E3-988F-CFE308CB92BF} = {DDE268E0-05A6-4E28-9E8C-65D46EB53594}
		{77C8F02C-DC2F-45B0-868C-90A77BA9C973} = {23473666-48DB-491B-A9B7-41C0B48CEC9F}
		{17F79602-75CB-4C60-A8B1-8A6D6B9E5163} = {8398C5F5-6168-4193-A2B7-829A20E98B64}
		{5D5D10CD-3CAB-4288-9A71-711CD21C63AD} = {17F79602-75CB-4C60-A8B1-8A6D6B9E5163}
		{E2DDADF5-4478-4A85-AEFA-C3FD082E1ECD} = {822C8DED-D299-4D07-BB7A-A3B842A230E4}
	EndGlobalSection
	GlobalSection(ExtensibilityGlobals) = postSolution
		SolutionGuid = {C79EF87F-EED8-4719-B65B-28CBD33989BF}
	EndGlobalSection
EndGlobal
